
Microsoft Visual Studio Solution File, Format Version 12.00
# Visual Studio Version 17
VisualStudioVersion = 17.14.36414.22 d17.14
MinimumVisualStudioVersion = 10.0.40219.1
Project("{FAE04EC0-301F-11D3-BF4B-00C04F79EFBC}") = "ProgRedesObligatorio2", "ProgRedesObligatorio2.csproj", "{A736C594-9695-4B21-9C02-8F57726544EF}"
EndProject
Global
	GlobalSection(SolutionConfigurationPlatforms) = preSolution
		Debug|Any CPU = Debug|Any CPU
		Release|Any CPU = Release|Any CPU
	EndGlobalSection
	GlobalSection(ProjectConfigurationPlatforms) = postSolution
		{A736C594-9695-4B21-9C02-8F57726544EF}.Debug|Any CPU.ActiveCfg = Debug|Any CPU
		{A736C594-9695-4B21-9C02-8F57726544EF}.Debug|Any CPU.Build.0 = Debug|Any CPU
		{A736C594-9695-4B21-9C02-8F57726544EF}.Release|Any CPU.ActiveCfg = Release|Any CPU
		{A736C594-9695-4B21-9C02-8F57726544EF}.Release|Any CPU.Build.0 = Release|Any CPU
	EndGlobalSection
	GlobalSection(SolutionProperties) = preSolution
		HideSolutionNode = FALSE
	EndGlobalSection
	GlobalSection(ExtensibilityGlobals) = postSolution
		SolutionGuid = {300DDB30-423C-4EA4-9725-2E8024DFF699}
	EndGlobalSection
EndGlobal
